
Microsoft Visual Studio Solution File, Format Version 12.00
Project("{FAE04EC0-301F-11D3-BF4B-00C04F79EFBC}") = "VRZ.Infra.Database", "VRZ.Infra.Database\VRZ.Infra.Database.csproj", "{783806E5-E245-4215-B721-057086504127}"
EndProject
Project("{FAE04EC0-301F-11D3-BF4B-00C04F79EFBC}") = "VRZ.Infra.Database.Postgresql", "VRZ.Infra.Database.Postgresql\VRZ.Infra.Database.Postgresql.csproj", "{BED77023-89EC-4D06-A176-88AC5E320D95}"
EndProject
Global
	GlobalSection(SolutionConfigurationPlatforms) = preSolution
		Debug|Any CPU = Debug|Any CPU
		Release|Any CPU = Release|Any CPU
	EndGlobalSection
	GlobalSection(ProjectConfigurationPlatforms) = postSolution
		{783806E5-E245-4215-B721-057086504127}.Debug|Any CPU.ActiveCfg = Debug|Any CPU
		{783806E5-E245-4215-B721-057086504127}.Debug|Any CPU.Build.0 = Debug|Any CPU
		{783806E5-E245-4215-B721-057086504127}.Release|Any CPU.ActiveCfg = Release|Any CPU
		{783806E5-E245-4215-B721-057086504127}.Release|Any CPU.Build.0 = Release|Any CPU
		{BED77023-89EC-4D06-A176-88AC5E320D95}.Debug|Any CPU.ActiveCfg = Debug|Any CPU
		{BED77023-89EC-4D06-A176-88AC5E320D95}.Debug|Any CPU.Build.0 = Debug|Any CPU
		{BED77023-89EC-4D06-A176-88AC5E320D95}.Release|Any CPU.ActiveCfg = Release|Any CPU
		{BED77023-89EC-4D06-A176-88AC5E320D95}.Release|Any CPU.Build.0 = Release|Any CPU
	EndGlobalSection
EndGlobal
